// !$*UTF8*$!
{
	archiveVersion = 1;
	classes = {
	};
	objectVersion = 56;
	objects = {

/* Begin PBXBuildFile section */
		FF5A64152A1B949000D07D7F /* STT.swift in Sources */ = {isa = PBXBuildFile; fileRef = FF5A64142A1B949000D07D7F /* STT.swift */; };
		FF5A64172A1CB50800D07D7F /* AddListView.swift in Sources */ = {isa = PBXBuildFile; fileRef = FF5A64162A1CB50800D07D7F /* AddListView.swift */; };
		FF5A64192A1CB53600D07D7F /* DetailView.swift in Sources */ = {isa = PBXBuildFile; fileRef = FF5A64182A1CB53600D07D7F /* DetailView.swift */; };
		FFE8AC262A18C3E700E93B94 /* rememberEnglishApp.swift in Sources */ = {isa = PBXBuildFile; fileRef = FFE8AC252A18C3E700E93B94 /* rememberEnglishApp.swift */; };
		FFE8AC282A18C3E700E93B94 /* ContentView.swift in Sources */ = {isa = PBXBuildFile; fileRef = FFE8AC272A18C3E700E93B94 /* ContentView.swift */; };
		FFE8AC2A2A18C3E800E93B94 /* Assets.xcassets in Resources */ = {isa = PBXBuildFile; fileRef = FFE8AC292A18C3E800E93B94 /* Assets.xcassets */; };
		FFE8AC2D2A18C3E800E93B94 /* Preview Assets.xcassets in Resources */ = {isa = PBXBuildFile; fileRef = FFE8AC2C2A18C3E800E93B94 /* Preview Assets.xcassets */; };
		FFF915C62A2219E0003C279F /* ChapterModel.xcdatamodeld in Sources */ = {isa = PBXBuildFile; fileRef = FFF915C42A2219E0003C279F /* ChapterModel.xcdatamodeld */; };
		FFF915C82A221C4A003C279F /* DataController.swift in Sources */ = {isa = PBXBuildFile; fileRef = FFF915C72A221C4A003C279F /* DataController.swift */; };
		FFF915F02A231630003C279F /* Sentence+CoreDataProperties.swift in Sources */ = {isa = PBXBuildFile; fileRef = FFF915EC2A231630003C279F /* Sentence+CoreDataProperties.swift */; };
		FFF915F22A231630003C279F /* Chapter+CoreDataProperties.swift in Sources */ = {isa = PBXBuildFile; fileRef = FFF915EE2A231630003C279F /* Chapter+CoreDataProperties.swift */; };
		FFF915F52A231ED2003C279F /* Sentence+CoreDataClass.swift in Sources */ = {isa = PBXBuildFile; fileRef = FFF915F32A231ED2003C279F /* Sentence+CoreDataClass.swift */; };
		FFF915F62A231ED2003C279F /* Chapter+CoreDataClass.swift in Sources */ = {isa = PBXBuildFile; fileRef = FFF915F42A231ED2003C279F /* Chapter+CoreDataClass.swift */; };
		FFF915FA2A232BB7003C279F /* AddSentence.swift in Sources */ = {isa = PBXBuildFile; fileRef = FFF915F92A232BB7003C279F /* AddSentence.swift */; };
		FFF915FE2A24BC3A003C279F /* DetailViewMode.swift in Sources */ = {isa = PBXBuildFile; fileRef = FFF915FD2A24BC3A003C279F /* DetailViewMode.swift */; };
/* End PBXBuildFile section */

/* Begin PBXFileReference section */
		FF5A64142A1B949000D07D7F /* STT.swift */ = {isa = PBXFileReference; lastKnownFileType = sourcecode.swift; path = STT.swift; sourceTree = "<group>"; };
		FF5A64162A1CB50800D07D7F /* AddListView.swift */ = {isa = PBXFileReference; lastKnownFileType = sourcecode.swift; path = AddListView.swift; sourceTree = "<group>"; };
		FF5A64182A1CB53600D07D7F /* DetailView.swift */ = {isa = PBXFileReference; lastKnownFileType = sourcecode.swift; path = DetailView.swift; sourceTree = "<group>"; };
		FFE8AC222A18C3E700E93B94 /* rememberEnglish.app */ = {isa = PBXFileReference; explicitFileType = wrapper.application; includeInIndex = 0; path = rememberEnglish.app; sourceTree = BUILT_PRODUCTS_DIR; };
		FFE8AC252A18C3E700E93B94 /* rememberEnglishApp.swift */ = {isa = PBXFileReference; lastKnownFileType = sourcecode.swift; path = rememberEnglishApp.swift; sourceTree = "<group>"; };
		FFE8AC272A18C3E700E93B94 /* ContentView.swift */ = {isa = PBXFileReference; lastKnownFileType = sourcecode.swift; path = ContentView.swift; sourceTree = "<group>"; };
		FFE8AC292A18C3E800E93B94 /* Assets.xcassets */ = {isa = PBXFileReference; lastKnownFileType = folder.assetcatalog; path = Assets.xcassets; sourceTree = "<group>"; };
		FFE8AC2C2A18C3E800E93B94 /* Preview Assets.xcassets */ = {isa = PBXFileReference; lastKnownFileType = folder.assetcatalog; path = "Preview Assets.xcassets"; sourceTree = "<group>"; };
		FFF915C52A2219E0003C279F /* Chapter.xcdatamodel */ = {isa = PBXFileReference; lastKnownFileType = wrapper.xcdatamodel; path = Chapter.xcdatamodel; sourceTree = "<group>"; };
		FFF915C72A221C4A003C279F /* DataController.swift */ = {isa = PBXFileReference; lastKnownFileType = sourcecode.swift; path = DataController.swift; sourceTree = "<group>"; };
		FFF915EC2A231630003C279F /* Sentence+CoreDataProperties.swift */ = {isa = PBXFileReference; lastKnownFileType = sourcecode.swift; path = "Sentence+CoreDataProperties.swift"; sourceTree = "<group>"; };
		FFF915EE2A231630003C279F /* Chapter+CoreDataProperties.swift */ = {isa = PBXFileReference; lastKnownFileType = sourcecode.swift; path = "Chapter+CoreDataProperties.swift"; sourceTree = "<group>"; };
		FFF915F32A231ED2003C279F /* Sentence+CoreDataClass.swift */ = {isa = PBXFileReference; lastKnownFileType = sourcecode.swift; path = "Sentence+CoreDataClass.swift"; sourceTree = "<group>"; };
		FFF915F42A231ED2003C279F /* Chapter+CoreDataClass.swift */ = {isa = PBXFileReference; lastKnownFileType = sourcecode.swift; path = "Chapter+CoreDataClass.swift"; sourceTree = "<group>"; };
		FFF915F92A232BB7003C279F /* AddSentence.swift */ = {isa = PBXFileReference; lastKnownFileType = sourcecode.swift; path = AddSentence.swift; sourceTree = "<group>"; };
		FFF915FD2A24BC3A003C279F /* DetailViewMode.swift */ = {isa = PBXFileReference; lastKnownFileType = sourcecode.swift; path = DetailViewMode.swift; sourceTree = "<group>"; };
/* End PBXFileReference section */

/* Begin PBXFrameworksBuildPhase section */
		FFE8AC1F2A18C3E700E93B94 /* Frameworks */ = {
			isa = PBXFrameworksBuildPhase;
			buildActionMask = 2147483647;
			files = (
			);
			runOnlyForDeploymentPostprocessing = 0;
		};
/* End PBXFrameworksBuildPhase section */

/* Begin PBXGroup section */
		FFE8AC192A18C3E700E93B94 = {
			isa = PBXGroup;
			children = (
				FFE8AC242A18C3E700E93B94 /* rememberEnglish */,
				FFE8AC232A18C3E700E93B94 /* Products */,
			);
			sourceTree = "<group>";
		};
		FFE8AC232A18C3E700E93B94 /* Products */ = {
			isa = PBXGroup;
			children = (
				FFE8AC222A18C3E700E93B94 /* rememberEnglish.app */,
			);
			name = Products;
			sourceTree = "<group>";
		};
		FFE8AC242A18C3E700E93B94 /* rememberEnglish */ = {
			isa = PBXGroup;
			children = (
				FFE8AC252A18C3E700E93B94 /* rememberEnglishApp.swift */,
				FFF915F72A232109003C279F /* CoreDataController */,
				FFF915F82A232221003C279F /* HomeView */,
				FFF915FC2A232F09003C279F /* DetailView */,
				FFF915FB2A232EFC003C279F /* Model */,
				FFE8AC292A18C3E800E93B94 /* Assets.xcassets */,
				FFE8AC2B2A18C3E800E93B94 /* Preview Content */,
			);
			path = rememberEnglish;
			sourceTree = "<group>";
		};
		FFE8AC2B2A18C3E800E93B94 /* Preview Content */ = {
			isa = PBXGroup;
			children = (
				FFE8AC2C2A18C3E800E93B94 /* Preview Assets.xcassets */,
			);
			path = "Preview Content";
			sourceTree = "<group>";
		};
		FFF915F72A232109003C279F /* CoreDataController */ = {
			isa = PBXGroup;
			children = (
				FFF915C72A221C4A003C279F /* DataController.swift */,
				FFF915F32A231ED2003C279F /* Sentence+CoreDataClass.swift */,
				FFF915F42A231ED2003C279F /* Chapter+CoreDataClass.swift */,
				FFF915EC2A231630003C279F /* Sentence+CoreDataProperties.swift */,
				FFF915EE2A231630003C279F /* Chapter+CoreDataProperties.swift */,
				FFF915C42A2219E0003C279F /* ChapterModel.xcdatamodeld */,
			);
			name = CoreDataController;
			path = ..;
			sourceTree = "<group>";
		};
		FFF915F82A232221003C279F /* HomeView */ = {
			isa = PBXGroup;
			children = (
				FFE8AC272A18C3E700E93B94 /* ContentView.swift */,
				FF5A64162A1CB50800D07D7F /* AddListView.swift */,
				FFF915F92A232BB7003C279F /* AddSentence.swift */,
			);
			path = HomeView;
			sourceTree = "<group>";
		};
		FFF915FB2A232EFC003C279F /* Model */ = {
			isa = PBXGroup;
			children = (
				FF5A64142A1B949000D07D7F /* STT.swift */,
			);
			path = Model;
			sourceTree = "<group>";
		};
		FFF915FC2A232F09003C279F /* DetailView */ = {
			isa = PBXGroup;
			children = (
				FF5A64182A1CB53600D07D7F /* DetailView.swift */,
				FFF915FD2A24BC3A003C279F /* DetailViewMode.swift */,
			);
			path = DetailView;
			sourceTree = "<group>";
		};
/* End PBXGroup section */

/* Begin PBXNativeTarget section */
		FFE8AC212A18C3E700E93B94 /* rememberEnglish */ = {
			isa = PBXNativeTarget;
			buildConfigurationList = FFE8AC302A18C3E800E93B94 /* Build configuration list for PBXNativeTarget "rememberEnglish" */;
			buildPhases = (
				FFE8AC1E2A18C3E700E93B94 /* Sources */,
				FFE8AC1F2A18C3E700E93B94 /* Frameworks */,
				FFE8AC202A18C3E700E93B94 /* Resources */,
			);
			buildRules = (
			);
			dependencies = (
			);
			name = rememberEnglish;
			productName = rememberEnglish;
			productReference = FFE8AC222A18C3E700E93B94 /* rememberEnglish.app */;
			productType = "com.apple.product-type.application";
		};
/* End PBXNativeTarget section */

/* Begin PBXProject section */
		FFE8AC1A2A18C3E700E93B94 /* Project object */ = {
			isa = PBXProject;
			attributes = {
				BuildIndependentTargetsInParallel = 1;
				LastSwiftUpdateCheck = 1430;
				LastUpgradeCheck = 1430;
				TargetAttributes = {
					FFE8AC212A18C3E700E93B94 = {
						CreatedOnToolsVersion = 14.3;
					};
				};
			};
			buildConfigurationList = FFE8AC1D2A18C3E700E93B94 /* Build configuration list for PBXProject "rememberEnglish" */;
			compatibilityVersion = "Xcode 14.0";
			developmentRegion = en;
			hasScannedForEncodings = 0;
			knownRegions = (
				en,
				Base,
			);
			mainGroup = FFE8AC192A18C3E700E93B94;
			productRefGroup = FFE8AC232A18C3E700E93B94 /* Products */;
			projectDirPath = "";
			projectRoot = "";
			targets = (
				FFE8AC212A18C3E700E93B94 /* rememberEnglish */,
			);
		};
/* End PBXProject section */

/* Begin PBXResourcesBuildPhase section */
		FFE8AC202A18C3E700E93B94 /* Resources */ = {
			isa = PBXResourcesBuildPhase;
			buildActionMask = 2147483647;
			files = (
				FFE8AC2D2A18C3E800E93B94 /* Preview Assets.xcassets in Resources */,
				FFE8AC2A2A18C3E800E93B94 /* Assets.xcassets in Resources */,
			);
			runOnlyForDeploymentPostprocessing = 0;
		};
/* End PBXResourcesBuildPhase section */

/* Begin PBXSourcesBuildPhase section */
		FFE8AC1E2A18C3E700E93B94 /* Sources */ = {
			isa = PBXSourcesBuildPhase;
			buildActionMask = 2147483647;
			files = (
				FFE8AC282A18C3E700E93B94 /* ContentView.swift in Sources */,
				FFE8AC262A18C3E700E93B94 /* rememberEnglishApp.swift in Sources */,
				FFF915FA2A232BB7003C279F /* AddSentence.swift in Sources */,
				FFF915C82A221C4A003C279F /* DataController.swift in Sources */,
				FF5A64152A1B949000D07D7F /* STT.swift in Sources */,
				FFF915F62A231ED2003C279F /* Chapter+CoreDataClass.swift in Sources */,
				FF5A64192A1CB53600D07D7F /* DetailView.swift in Sources */,
				FFF915F02A231630003C279F /* Sentence+CoreDataProperties.swift in Sources */,
				FFF915F52A231ED2003C279F /* Sentence+CoreDataClass.swift in Sources */,
				FFF915C62A2219E0003C279F /* ChapterModel.xcdatamodeld in Sources */,
				FF5A64172A1CB50800D07D7F /* AddListView.swift in Sources */,
				FFF915FE2A24BC3A003C279F /* DetailViewMode.swift in Sources */,
				FFF915F22A231630003C279F /* Chapter+CoreDataProperties.swift in Sources */,
			);
			runOnlyForDeploymentPostprocessing = 0;
		};
/* End PBXSourcesBuildPhase section */

/* Begin XCBuildConfiguration section */
		FFE8AC2E2A18C3E800E93B94 /* Debug */ = {
			isa = XCBuildConfiguration;
			buildSettings = {
				ALWAYS_SEARCH_USER_PATHS = NO;
				CLANG_ANALYZER_NONNULL = YES;
				CLANG_ANALYZER_NUMBER_OBJECT_CONVERSION = YES_AGGRESSIVE;
				CLANG_CXX_LANGUAGE_STANDARD = "gnu++20";
				CLANG_ENABLE_MODULES = YES;
				CLANG_ENABLE_OBJC_ARC = YES;
				CLANG_ENABLE_OBJC_WEAK = YES;
				CLANG_WARN_BLOCK_CAPTURE_AUTORELEASING = YES;
				CLANG_WARN_BOOL_CONVERSION = YES;
				CLANG_WARN_COMMA = YES;
				CLANG_WARN_CONSTANT_CONVERSION = YES;
				CLANG_WARN_DEPRECATED_OBJC_IMPLEMENTATIONS = YES;
				CLANG_WARN_DIRECT_OBJC_ISA_USAGE = YES_ERROR;
				CLANG_WARN_DOCUMENTATION_COMMENTS = YES;
				CLANG_WARN_EMPTY_BODY = YES;
				CLANG_WARN_ENUM_CONVERSION = YES;
				CLANG_WARN_INFINITE_RECURSION = YES;
				CLANG_WARN_INT_CONVERSION = YES;
				CLANG_WARN_NON_LITERAL_NULL_CONVERSION = YES;
				CLANG_WARN_OBJC_IMPLICIT_RETAIN_SELF = YES;
				CLANG_WARN_OBJC_LITERAL_CONVERSION = YES;
				CLANG_WARN_OBJC_ROOT_CLASS = YES_ERROR;
				CLANG_WARN_QUOTED_INCLUDE_IN_FRAMEWORK_HEADER = YES;
				CLANG_WARN_RANGE_LOOP_ANALYSIS = YES;
				CLANG_WARN_STRICT_PROTOTYPES = YES;
				CLANG_WARN_SUSPICIOUS_MOVE = YES;
				CLANG_WARN_UNGUARDED_AVAILABILITY = YES_AGGRESSIVE;
				CLANG_WARN_UNREACHABLE_CODE = YES;
				CLANG_WARN__DUPLICATE_METHOD_MATCH = YES;
				COPY_PHASE_STRIP = NO;
				DEBUG_INFORMATION_FORMAT = dwarf;
				ENABLE_STRICT_OBJC_MSGSEND = YES;
				ENABLE_TESTABILITY = YES;
				GCC_C_LANGUAGE_STANDARD = gnu11;
				GCC_DYNAMIC_NO_PIC = NO;
				GCC_NO_COMMON_BLOCKS = YES;
				GCC_OPTIMIZATION_LEVEL = 0;
				GCC_PREPROCESSOR_DEFINITIONS = (
					"DEBUG=1",
					"$(inherited)",
				);
				GCC_WARN_64_TO_32_BIT_CONVERSION = YES;
				GCC_WARN_ABOUT_RETURN_TYPE = YES_ERROR;
				GCC_WARN_UNDECLARED_SELECTOR = YES;
				GCC_WARN_UNINITIALIZED_AUTOS = YES_AGGRESSIVE;
				GCC_WARN_UNUSED_FUNCTION = YES;
				GCC_WARN_UNUSED_VARIABLE = YES;
				IPHONEOS_DEPLOYMENT_TARGET = 16.4;
				MTL_ENABLE_DEBUG_INFO = INCLUDE_SOURCE;
				MTL_FAST_MATH = YES;
				ONLY_ACTIVE_ARCH = YES;
				SDKROOT = iphoneos;
				SWIFT_ACTIVE_COMPILATION_CONDITIONS = DEBUG;
				SWIFT_OPTIMIZATION_LEVEL = "-Onone";
			};
			name = Debug;
		};
		FFE8AC2F2A18C3E800E93B94 /* Release */ = {
			isa = XCBuildConfiguration;
			buildSettings = {
				ALWAYS_SEARCH_USER_PATHS = NO;
				CLANG_ANALYZER_NONNULL = YES;
				CLANG_ANALYZER_NUMBER_OBJECT_CONVERSION = YES_AGGRESSIVE;
				CLANG_CXX_LANGUAGE_STANDARD = "gnu++20";
				CLANG_ENABLE_MODULES = YES;
				CLANG_ENABLE_OBJC_ARC = YES;
				CLANG_ENABLE_OBJC_WEAK = YES;
				CLANG_WARN_BLOCK_CAPTURE_AUTORELEASING = YES;
				CLANG_WARN_BOOL_CONVERSION = YES;
				CLANG_WARN_COMMA = YES;
				CLANG_WARN_CONSTANT_CONVERSION = YES;
				CLANG_WARN_DEPRECATED_OBJC_IMPLEMENTATIONS = YES;
				CLANG_WARN_DIRECT_OBJC_ISA_USAGE = YES_ERROR;
				CLANG_WARN_DOCUMENTATION_COMMENTS = YES;
				CLANG_WARN_EMPTY_BODY = YES;
				CLANG_WARN_ENUM_CONVERSION = YES;
				CLANG_WARN_INFINITE_RECURSION = YES;
				CLANG_WARN_INT_CONVERSION = YES;
				CLANG_WARN_NON_LITERAL_NULL_CONVERSION = YES;
				CLANG_WARN_OBJC_IMPLICIT_RETAIN_SELF = YES;
				CLANG_WARN_OBJC_LITERAL_CONVERSION = YES;
				CLANG_WARN_OBJC_ROOT_CLASS = YES_ERROR;
				CLANG_WARN_QUOTED_INCLUDE_IN_FRAMEWORK_HEADER = YES;
				CLANG_WARN_RANGE_LOOP_ANALYSIS = YES;
				CLANG_WARN_STRICT_PROTOTYPES = YES;
				CLANG_WARN_SUSPICIOUS_MOVE = YES;
				CLANG_WARN_UNGUARDED_AVAILABILITY = YES_AGGRESSIVE;
				CLANG_WARN_UNREACHABLE_CODE = YES;
				CLANG_WARN__DUPLICATE_METHOD_MATCH = YES;
				COPY_PHASE_STRIP = NO;
				DEBUG_INFORMATION_FORMAT = "dwarf-with-dsym";
				ENABLE_NS_ASSERTIONS = NO;
				ENABLE_STRICT_OBJC_MSGSEND = YES;
				GCC_C_LANGUAGE_STANDARD = gnu11;
				GCC_NO_COMMON_BLOCKS = YES;
				GCC_WARN_64_TO_32_BIT_CONVERSION = YES;
				GCC_WARN_ABOUT_RETURN_TYPE = YES_ERROR;
				GCC_WARN_UNDECLARED_SELECTOR = YES;
				GCC_WARN_UNINITIALIZED_AUTOS = YES_AGGRESSIVE;
				GCC_WARN_UNUSED_FUNCTION = YES;
				GCC_WARN_UNUSED_VARIABLE = YES;
				IPHONEOS_DEPLOYMENT_TARGET = 16.4;
				MTL_ENABLE_DEBUG_INFO = NO;
				MTL_FAST_MATH = YES;
				SDKROOT = iphoneos;
				SWIFT_COMPILATION_MODE = wholemodule;
				SWIFT_OPTIMIZATION_LEVEL = "-O";
				VALIDATE_PRODUCT = YES;
			};
			name = Release;
		};
		FFE8AC312A18C3E800E93B94 /* Debug */ = {
			isa = XCBuildConfiguration;
			buildSettings = {
				ASSETCATALOG_COMPILER_APPICON_NAME = AppIcon;
				ASSETCATALOG_COMPILER_GLOBAL_ACCENT_COLOR_NAME = AccentColor;
				CODE_SIGN_STYLE = Automatic;
				CURRENT_PROJECT_VERSION = 1;
				DEVELOPMENT_ASSET_PATHS = "\"rememberEnglish/Preview Content\"";
				DEVELOPMENT_TEAM = KRY967CND6;
				ENABLE_PREVIEWS = YES;
				GENERATE_INFOPLIST_FILE = YES;
				INFOPLIST_KEY_NSMicrophoneUsageDescription = "";
				INFOPLIST_KEY_NSSpeechRecognitionUsageDescription = "";
				INFOPLIST_KEY_UIApplicationSceneManifest_Generation = YES;
				INFOPLIST_KEY_UIApplicationSupportsIndirectInputEvents = YES;
				INFOPLIST_KEY_UILaunchScreen_Generation = YES;
				INFOPLIST_KEY_UISupportedInterfaceOrientations_iPad = "UIInterfaceOrientationPortrait UIInterfaceOrientationPortraitUpsideDown UIInterfaceOrientationLandscapeLeft UIInterfaceOrientationLandscapeRight";
				INFOPLIST_KEY_UISupportedInterfaceOrientations_iPhone = "UIInterfaceOrientationPortrait UIInterfaceOrientationLandscapeLeft UIInterfaceOrientationLandscapeRight";
				LD_RUNPATH_SEARCH_PATHS = (
					"$(inherited)",
					"@executable_path/Frameworks",
				);
				MARKETING_VERSION = 1.0;
				PRODUCT_BUNDLE_IDENTIFIER = everybodyEnglish.rememberEnglish;
				PRODUCT_NAME = "$(TARGET_NAME)";
				SWIFT_EMIT_LOC_STRINGS = YES;
				SWIFT_VERSION = 5.0;
				TARGETED_DEVICE_FAMILY = "1,2";
			};
			name = Debug;
		};
		FFE8AC322A18C3E800E93B94 /* Release */ = {
			isa = XCBuildConfiguration;
			buildSettings = {
				ASSETCATALOG_COMPILER_APPICON_NAME = AppIcon;
				ASSETCATALOG_COMPILER_GLOBAL_ACCENT_COLOR_NAME = AccentColor;
				CODE_SIGN_STYLE = Automatic;
				CURRENT_PROJECT_VERSION = 1;
				DEVELOPMENT_ASSET_PATHS = "\"rememberEnglish/Preview Content\"";
				DEVELOPMENT_TEAM = KRY967CND6;
				ENABLE_PREVIEWS = YES;
				GENERATE_INFOPLIST_FILE = YES;
				INFOPLIST_KEY_NSMicrophoneUsageDescription = "";
				INFOPLIST_KEY_NSSpeechRecognitionUsageDescription = "";
				INFOPLIST_KEY_UIApplicationSceneManifest_Generation = YES;
				INFOPLIST_KEY_UIApplicationSupportsIndirectInputEvents = YES;
				INFOPLIST_KEY_UILaunchScreen_Generation = YES;
				INFOPLIST_KEY_UISupportedInterfaceOrientations_iPad = "UIInterfaceOrientationPortrait UIInterfaceOrientationPortraitUpsideDown UIInterfaceOrientationLandscapeLeft UIInterfaceOrientationLandscapeRight";
				INFOPLIST_KEY_UISupportedInterfaceOrientations_iPhone = "UIInterfaceOrientationPortrait UIInterfaceOrientationLandscapeLeft UIInterfaceOrientationLandscapeRight";
				LD_RUNPATH_SEARCH_PATHS = (
					"$(inherited)",
					"@executable_path/Frameworks",
				);
				MARKETING_VERSION = 1.0;
				PRODUCT_BUNDLE_IDENTIFIER = everybodyEnglish.rememberEnglish;
				PRODUCT_NAME = "$(TARGET_NAME)";
				SWIFT_EMIT_LOC_STRINGS = YES;
				SWIFT_VERSION = 5.0;
				TARGETED_DEVICE_FAMILY = "1,2";
			};
			name = Release;
		};
/* End XCBuildConfiguration section */

/* Begin XCConfigurationList section */
		FFE8AC1D2A18C3E700E93B94 /* Build configuration list for PBXProject "rememberEnglish" */ = {
			isa = XCConfigurationList;
			buildConfigurations = (
				FFE8AC2E2A18C3E800E93B94 /* Debug */,
				FFE8AC2F2A18C3E800E93B94 /* Release */,
			);
			defaultConfigurationIsVisible = 0;
			defaultConfigurationName = Release;
		};
		FFE8AC302A18C3E800E93B94 /* Build configuration list for PBXNativeTarget "rememberEnglish" */ = {
			isa = XCConfigurationList;
			buildConfigurations = (
				FFE8AC312A18C3E800E93B94 /* Debug */,
				FFE8AC322A18C3E800E93B94 /* Release */,
			);
			defaultConfigurationIsVisible = 0;
			defaultConfigurationName = Release;
		};
/* End XCConfigurationList section */

/* Begin XCVersionGroup section */
		FFF915C42A2219E0003C279F /* ChapterModel.xcdatamodeld */ = {
			isa = XCVersionGroup;
			children = (
				FFF915C52A2219E0003C279F /* Chapter.xcdatamodel */,
			);
			currentVersion = FFF915C52A2219E0003C279F /* Chapter.xcdatamodel */;
			path = ChapterModel.xcdatamodeld;
			sourceTree = "<group>";
			versionGroupType = wrapper.xcdatamodel;
		};
/* End XCVersionGroup section */
	};
	rootObject = FFE8AC1A2A18C3E700E93B94 /* Project object */;
}
